{
	"name": "@nomiclabs/common",
	"version": "0.0.1",
	"lockfileVersion": 1,
	"requires": true,
	"dependencies": {
		"@types/detect-port": {
			"version": "1.3.0",
			"resolved": "https://registry.npmjs.org/@types/detect-port/-/detect-port-1.3.0.tgz",
			"integrity": "sha512-NnDUDk1Ry5cHljTFetg0BNT79FaJSddTh9RsGOS2v/97DwOUJ+hBkgxtQHF6T8IarZD4i+bFEL787Nz+xpodfA==",
			"dev": true
		},
		"address": {
			"version": "1.1.2",
			"resolved": "https://registry.npmjs.org/address/-/address-1.1.2.tgz",
			"integrity": "sha512-aT6camzM4xEA54YVJYSqxz1kv4IHnQZRtThJJHhUMRExaU5spC7jX5ugSwTaTgJliIgs4VhZOk7htClvQ/LmRA==",
			"dev": true
		},
		"debug": {
			"version": "2.6.9",
			"resolved": "https://registry.npmjs.org/debug/-/debug-2.6.9.tgz",
			"integrity": "sha512-bC7ElrdJaJnPbAP+1EotYvqZsb3ecl5wi6Bfi6BJTUcNowp6cvspg0jXznRTKDjm/E7AdgFBVeAPVMNcKGsHMA==",
			"dev": true,
			"requires": {
				"ms": "2.0.0"
			}
		},
		"detect-port": {
			"version": "1.3.0",
			"resolved": "https://registry.npmjs.org/detect-port/-/detect-port-1.3.0.tgz",
			"integrity": "sha512-E+B1gzkl2gqxt1IhUzwjrxBKRqx1UzC3WLONHinn8S3T6lwV/agVCyitiFOsGJ/eYuEUBvD71MZHy3Pv1G9doQ==",
			"dev": true,
			"requires": {
				"address": "^1.0.1",
				"debug": "^2.6.0"
			}
		},
		"ms": {
			"version": "2.0.0",
			"resolved": "https://registry.npmjs.org/ms/-/ms-2.0.0.tgz",
			"integrity": "sha1-VgiurfwAvmwpAd9fmGF4jeDVl8g=",
			"dev": true
		}
	}
}
