{
	"name": "@nomiclabs/buidler-ethers",
	"version": "2.0.2",
	"lockfileVersion": 1,
	"requires": true,
	"dependencies": {
		"@ethersproject/abi": {
			"version": "5.0.1",
			"resolved": "https://registry.npmjs.org/@ethersproject/abi/-/abi-5.0.1.tgz",
			"integrity": "sha512-9fqSa3jEYV4nN8tijW+jz4UnT/Ma9/b8y4+nHlsvuWqr32E2kYsT9SCIVpk/51iM6NOud7xsA6UxCox9zBeHKg==",
			"dev": true,
			"requires": {
				"@ethersproject/address": "^5.0.0",
				"@ethersproject/bignumber": "^5.0.0",
				"@ethersproject/bytes": "^5.0.0",
				"@ethersproject/constants": "^5.0.0",
				"@ethersproject/hash": "^5.0.0",
				"@ethersproject/keccak256": "^5.0.0",
				"@ethersproject/logger": "^5.0.0",
				"@ethersproject/properties": "^5.0.0",
				"@ethersproject/strings": "^5.0.0"
			}
		},
		"@ethersproject/abstract-provider": {
			"version": "5.0.1",
			"resolved": "https://registry.npmjs.org/@ethersproject/abstract-provider/-/abstract-provider-5.0.1.tgz",
			"integrity": "sha512-/KOw65ayviYPtKLqFE1qozeIJJlfI1wE/tNA+iKUPUai6bU6vg2tbfLFGarRTCQe3HoWV1t7xSsD/z9T9xg74g==",
			"dev": true,
			"requires": {
				"@ethersproject/bignumber": "^5.0.0",
				"@ethersproject/bytes": "^5.0.0",
				"@ethersproject/logger": "^5.0.0",
				"@ethersproject/networks": "^5.0.0",
				"@ethersproject/properties": "^5.0.0",
				"@ethersproject/transactions": "^5.0.0",
				"@ethersproject/web": "^5.0.0"
			}
		},
		"@ethersproject/abstract-signer": {
			"version": "5.0.1",
			"resolved": "https://registry.npmjs.org/@ethersproject/abstract-signer/-/abstract-signer-5.0.1.tgz",
			"integrity": "sha512-Rp8DP+cLcSNFkd1YhwPSBcgEWLRipNakitwIwHngAmhbo4zdiWgALD/OLqdQ7SKF75CufF1W4BCuXcQgiWaRow==",
			"dev": true,
			"requires": {
				"@ethersproject/abstract-provider": "^5.0.0",
				"@ethersproject/bignumber": "^5.0.0",
				"@ethersproject/bytes": "^5.0.0",
				"@ethersproject/logger": "^5.0.0",
				"@ethersproject/properties": "^5.0.0"
			}
		},
		"@ethersproject/address": {
			"version": "5.0.1",
			"resolved": "https://registry.npmjs.org/@ethersproject/address/-/address-5.0.1.tgz",
			"integrity": "sha512-kfQtXpBP2pI2TfoRRAYv8grHGiYw8U0c1KbMsC58/W33TIBy7gFSf/oAzOd94lNzdIUenKU0OuSzrHQfVcDDDA==",
			"dev": true,
			"requires": {
				"@ethersproject/bignumber": "^5.0.0",
				"@ethersproject/bytes": "^5.0.0",
				"@ethersproject/keccak256": "^5.0.0",
				"@ethersproject/logger": "^5.0.0",
				"@ethersproject/rlp": "^5.0.0",
				"bn.js": "^4.4.0"
			}
		},
		"@ethersproject/base64": {
			"version": "5.0.1",
			"resolved": "https://registry.npmjs.org/@ethersproject/base64/-/base64-5.0.1.tgz",
			"integrity": "sha512-WZDa+TYl6BQfUm9EQIDDfJFL0GiuYXNZPIWoiZx3uds7P1XMsvcW3k71AyjYUxIkU5AKW7awwPbzCbBeP1uXsA==",
			"dev": true,
			"requires": {
				"@ethersproject/bytes": "^5.0.0"
			}
		},
		"@ethersproject/basex": {
			"version": "5.0.1",
			"resolved": "https://registry.npmjs.org/@ethersproject/basex/-/basex-5.0.1.tgz",
			"integrity": "sha512-ssL2+p/A5bZgkZkiWy0iQDVz2mVJxZfzpf7dpw8t0sKF9VpoM3ZiMthRapH/QBhd4Rr6TNbr619pFLAGmMi9Ug==",
			"dev": true,
			"requires": {
				"@ethersproject/bytes": "^5.0.0",
				"@ethersproject/properties": "^5.0.0"
			}
		},
		"@ethersproject/bignumber": {
			"version": "5.0.1",
			"resolved": "https://registry.npmjs.org/@ethersproject/bignumber/-/bignumber-5.0.1.tgz",
			"integrity": "sha512-srGDO7ksT0avdDw5pBtj6F81psv5xiJMInwSSatfIKplitubFb6yVwoHGObGRd0Pp3TvrkIDfJkuskoSMj4OHQ==",
			"dev": true,
			"requires": {
				"@ethersproject/bytes": "^5.0.0",
				"@ethersproject/logger": "^5.0.0",
				"@ethersproject/properties": "^5.0.0",
				"bn.js": "^4.4.0"
			}
		},
		"@ethersproject/bytes": {
			"version": "5.0.1",
			"resolved": "https://registry.npmjs.org/@ethersproject/bytes/-/bytes-5.0.1.tgz",
			"integrity": "sha512-Y198536UW9Jb9RBXuqmCsCa9mYJUsxJn+5aGr2XjNMpLBc6vEn/44GHnbQXYgRCzh4rnWtJ9bTgSwDjme9Hgnw==",
			"dev": true,
			"requires": {
				"@ethersproject/logger": "^5.0.0"
			}
		},
		"@ethersproject/constants": {
			"version": "5.0.1",
			"resolved": "https://registry.npmjs.org/@ethersproject/constants/-/constants-5.0.1.tgz",
			"integrity": "sha512-Xec07hFCPN4wfC3WDiRay7KipkApl2msiKTrBHCuAwNMOM8M92+mlQp8tgfEL51DPwCZkmdk1f02kArc6caVSw==",
			"dev": true,
			"requires": {
				"@ethersproject/bignumber": "^5.0.0"
			}
		},
		"@ethersproject/contracts": {
			"version": "5.0.1",
			"resolved": "https://registry.npmjs.org/@ethersproject/contracts/-/contracts-5.0.1.tgz",
			"integrity": "sha512-1uPajmkvw3Oy/dxs5TKUsGaXzQ3s5qiXKSVpw9ZrhGG6fMRO3gNyUA+uSWk9IXK0ulj5P95F7vW8HmYOkzep/Q==",
			"dev": true,
			"requires": {
				"@ethersproject/abi": "^5.0.0",
				"@ethersproject/abstract-provider": "^5.0.0",
				"@ethersproject/abstract-signer": "^5.0.0",
				"@ethersproject/address": "^5.0.0",
				"@ethersproject/bignumber": "^5.0.0",
				"@ethersproject/bytes": "^5.0.0",
				"@ethersproject/constants": "^5.0.0",
				"@ethersproject/logger": "^5.0.0",
				"@ethersproject/properties": "^5.0.0"
			}
		},
		"@ethersproject/hash": {
			"version": "5.0.1",
			"resolved": "https://registry.npmjs.org/@ethersproject/hash/-/hash-5.0.1.tgz",
			"integrity": "sha512-1ByUXYvkszrSSks07xctBtZfpFnIVmftxWlAAnguxh6Q65vKECd/EPi5uI5xVOvnrYMH9Vb8MK1SofPX/6fArQ==",
			"dev": true,
			"requires": {
				"@ethersproject/bytes": "^5.0.0",
				"@ethersproject/keccak256": "^5.0.0",
				"@ethersproject/logger": "^5.0.0",
				"@ethersproject/strings": "^5.0.0"
			}
		},
		"@ethersproject/hdnode": {
			"version": "5.0.1",
			"resolved": "https://registry.npmjs.org/@ethersproject/hdnode/-/hdnode-5.0.1.tgz",
			"integrity": "sha512-L2OZP4SKKxNtHUdwfK8cND09kHRH62ncxXW33WAJU9shKo8Sbz31HVqSdov84bMAGm8QfEKZbfbAJV/7DM6DjQ==",
			"dev": true,
			"requires": {
				"@ethersproject/abstract-signer": "^5.0.0",
				"@ethersproject/basex": "^5.0.0",
				"@ethersproject/bignumber": "^5.0.0",
				"@ethersproject/bytes": "^5.0.0",
				"@ethersproject/logger": "^5.0.0",
				"@ethersproject/pbkdf2": "^5.0.0",
				"@ethersproject/properties": "^5.0.0",
				"@ethersproject/sha2": "^5.0.0",
				"@ethersproject/signing-key": "^5.0.0",
				"@ethersproject/strings": "^5.0.0",
				"@ethersproject/transactions": "^5.0.0",
				"@ethersproject/wordlists": "^5.0.0"
			}
		},
		"@ethersproject/json-wallets": {
			"version": "5.0.1",
			"resolved": "https://registry.npmjs.org/@ethersproject/json-wallets/-/json-wallets-5.0.1.tgz",
			"integrity": "sha512-QjqQCh1a0a6wRVHdnqVccCLWX0vAgxnvGZeGqpOk2NbyNE8HTzV7GpOE+4LU+iCc8oonfy1gYd4hpsf+iEUWGg==",
			"dev": true,
			"requires": {
				"@ethersproject/abstract-signer": "^5.0.0",
				"@ethersproject/address": "^5.0.0",
				"@ethersproject/bytes": "^5.0.0",
				"@ethersproject/hdnode": "^5.0.0",
				"@ethersproject/keccak256": "^5.0.0",
				"@ethersproject/logger": "^5.0.0",
				"@ethersproject/pbkdf2": "^5.0.0",
				"@ethersproject/properties": "^5.0.0",
				"@ethersproject/random": "^5.0.0",
				"@ethersproject/strings": "^5.0.0",
				"@ethersproject/transactions": "^5.0.0",
				"aes-js": "3.0.0",
				"scrypt-js": "3.0.1",
				"uuid": "2.0.1"
			},
			"dependencies": {
				"uuid": {
					"version": "2.0.1",
					"resolved": "https://registry.npmjs.org/uuid/-/uuid-2.0.1.tgz",
					"integrity": "sha1-wqMN7bPlNdcsz4LjQ5QaULqFM6w=",
					"dev": true
				}
			}
		},
		"@ethersproject/keccak256": {
			"version": "5.0.1",
			"resolved": "https://registry.npmjs.org/@ethersproject/keccak256/-/keccak256-5.0.1.tgz",
			"integrity": "sha512-AtFm/4qHRQUvZcG3WYmaT7zV79dz72+N01w0XphcIBaD/7UZXyW85Uf08sirVlckHmh9fvc4UDWyHiroKsBT6Q==",
			"dev": true,
			"requires": {
				"@ethersproject/bytes": "^5.0.0",
				"js-sha3": "0.5.7"
			},
			"dependencies": {
				"js-sha3": {
					"version": "0.5.7",
					"resolved": "https://registry.npmjs.org/js-sha3/-/js-sha3-0.5.7.tgz",
					"integrity": "sha1-DU/9gALVMzqrr0oj7tL2N0yfKOc=",
					"dev": true
				}
			}
		},
		"@ethersproject/logger": {
			"version": "5.0.2",
			"resolved": "https://registry.npmjs.org/@ethersproject/logger/-/logger-5.0.2.tgz",
			"integrity": "sha512-NQe3O1/Nwkcp6bto6hsTvrcCeR/cOGK+RhOMn0Zi2FND6gdWsf1g+5ie8gQ1REqDX4MTGP/Y131dZas985ls/g==",
			"dev": true
		},
		"@ethersproject/networks": {
			"version": "5.0.1",
			"resolved": "https://registry.npmjs.org/@ethersproject/networks/-/networks-5.0.1.tgz",
			"integrity": "sha512-Pe34JCTC6Apm/DkK3z97xotvEyu9YHKIFlDIu5hGV6yFDb4/sUfY2SHKYSGdUrV0418ZZVrwYDveJtBFMmYu2Q==",
			"dev": true,
			"requires": {
				"@ethersproject/logger": "^5.0.0"
			}
		},
		"@ethersproject/pbkdf2": {
			"version": "5.0.1",
			"resolved": "https://registry.npmjs.org/@ethersproject/pbkdf2/-/pbkdf2-5.0.1.tgz",
			"integrity": "sha512-4wc8Aov0iJmiomu6Dv1JNGOlhm3L7omITjLmChz/vgeDnW4Unv4J/nGybCeWKgY4hnjyQMVXkdkQ15BCRbkaYg==",
			"dev": true,
			"requires": {
				"@ethersproject/bytes": "^5.0.0",
				"@ethersproject/sha2": "^5.0.0"
			}
		},
		"@ethersproject/properties": {
			"version": "5.0.1",
			"resolved": "https://registry.npmjs.org/@ethersproject/properties/-/properties-5.0.1.tgz",
			"integrity": "sha512-b3VZ/NpYIf64/hFXeWNxVCbY1xoMPIYM3n6Qnu6Ayr3bLt1olFPQfAaaRB0aOsLz7tMtmkT3DrA1KG/IrOgBRw==",
			"dev": true,
			"requires": {
				"@ethersproject/logger": "^5.0.0"
			}
		},
		"@ethersproject/providers": {
			"version": "5.0.2",
			"resolved": "https://registry.npmjs.org/@ethersproject/providers/-/providers-5.0.2.tgz",
			"integrity": "sha512-28ABJmHB9ii/73F3P9CXLBvlRkitiOGHCrUZqjQ6FELuAtKEROqA/yDklT9o/r/BpGcGTeeWpWfvdfgDHjshiw==",
			"dev": true,
			"requires": {
				"@ethersproject/abstract-provider": "^5.0.0",
				"@ethersproject/abstract-signer": "^5.0.0",
				"@ethersproject/address": "^5.0.0",
				"@ethersproject/bignumber": "^5.0.0",
				"@ethersproject/bytes": "^5.0.0",
				"@ethersproject/constants": "^5.0.0",
				"@ethersproject/hash": "^5.0.0",
				"@ethersproject/logger": "^5.0.0",
				"@ethersproject/networks": "^5.0.0",
				"@ethersproject/properties": "^5.0.0",
				"@ethersproject/random": "^5.0.0",
				"@ethersproject/rlp": "^5.0.0",
				"@ethersproject/strings": "^5.0.0",
				"@ethersproject/transactions": "^5.0.0",
				"@ethersproject/web": "^5.0.0",
				"ws": "7.2.3"
			},
			"dependencies": {
				"ws": {
					"version": "7.2.3",
					"resolved": "https://registry.npmjs.org/ws/-/ws-7.2.3.tgz",
					"integrity": "sha512-HTDl9G9hbkNDk98naoR/cHDws7+EyYMOdL1BmjsZXRUjf7d+MficC4B7HLUPlSiho0vg+CWKrGIt/VJBd1xunQ==",
					"dev": true
				}
			}
		},
		"@ethersproject/random": {
			"version": "5.0.1",
			"resolved": "https://registry.npmjs.org/@ethersproject/random/-/random-5.0.1.tgz",
			"integrity": "sha512-nYzNhcp5Th4dCocV3yceZmh80bRmSQxqNRgND7Y/YgEgYJSSnknScpfRHACG//kgbsY8zui8ajXJeEnzS7yFbQ==",
			"dev": true,
			"requires": {
				"@ethersproject/bytes": "^5.0.0",
				"@ethersproject/logger": "^5.0.0"
			}
		},
		"@ethersproject/rlp": {
			"version": "5.0.1",
			"resolved": "https://registry.npmjs.org/@ethersproject/rlp/-/rlp-5.0.1.tgz",
			"integrity": "sha512-3F8XE1zS4w8w4xiK1hMtFuVs6UnhQlmrEHLT85GanqK8vG5wGi81IQmkukL9tQIu2a5jykoO46ibja+6N1fpFg==",
			"dev": true,
			"requires": {
				"@ethersproject/bytes": "^5.0.0",
				"@ethersproject/logger": "^5.0.0"
			}
		},
		"@ethersproject/sha2": {
			"version": "5.0.1",
			"resolved": "https://registry.npmjs.org/@ethersproject/sha2/-/sha2-5.0.1.tgz",
			"integrity": "sha512-5wNdULNDMJKwyzqrTH66e2TZPZTSqqluS7RNtuuuQSTP+yIALoID7ewLjDoj31g4kZyq/pqQbackKJLOXejTKw==",
			"dev": true,
			"requires": {
				"@ethersproject/bytes": "^5.0.0",
				"@ethersproject/logger": "^5.0.0",
				"hash.js": "1.1.3"
			},
			"dependencies": {
				"hash.js": {
					"version": "1.1.3",
					"resolved": "https://registry.npmjs.org/hash.js/-/hash.js-1.1.3.tgz",
					"integrity": "sha512-/UETyP0W22QILqS+6HowevwhEFJ3MBJnwTf75Qob9Wz9t0DPuisL8kW8YZMK62dHAKE1c1p+gY1TtOLY+USEHA==",
					"dev": true,
					"requires": {
						"inherits": "^2.0.3",
						"minimalistic-assert": "^1.0.0"
					}
				}
			}
		},
		"@ethersproject/signing-key": {
			"version": "5.0.1",
			"resolved": "https://registry.npmjs.org/@ethersproject/signing-key/-/signing-key-5.0.1.tgz",
			"integrity": "sha512-Z3yMPFFf4KkWltndDNi/tpese7qZh6ZWKbGu3DHd8xOX0PJqbScdAs6gCfFeMatO06qyX307Y52soc/Ayf8ZSg==",
			"dev": true,
			"requires": {
				"@ethersproject/bytes": "^5.0.0",
				"@ethersproject/logger": "^5.0.0",
				"@ethersproject/properties": "^5.0.0",
				"elliptic": "6.5.2"
			},
			"dependencies": {
				"elliptic": {
					"version": "6.5.2",
					"resolved": "https://registry.npmjs.org/elliptic/-/elliptic-6.5.2.tgz",
					"integrity": "sha512-f4x70okzZbIQl/NSRLkI/+tteV/9WqL98zx+SQ69KbXxmVrmjwsNUPn/gYJJ0sHvEak24cZgHIPegRePAtA/xw==",
					"dev": true,
					"requires": {
						"bn.js": "^4.4.0",
						"brorand": "^1.0.1",
						"hash.js": "^1.0.0",
						"hmac-drbg": "^1.0.0",
						"inherits": "^2.0.1",
						"minimalistic-assert": "^1.0.0",
						"minimalistic-crypto-utils": "^1.0.0"
					}
				}
			}
		},
		"@ethersproject/solidity": {
			"version": "5.0.1",
			"resolved": "https://registry.npmjs.org/@ethersproject/solidity/-/solidity-5.0.1.tgz",
			"integrity": "sha512-3L+xI1LaJmd2zBJxnK9Y4cd1vb2aJLFvL6fxvjWpzcMiFiZ4dbPwj3kharv5f5mAlbGwAs6NiPJaFWvbOpm96Q==",
			"dev": true,
			"requires": {
				"@ethersproject/bignumber": "^5.0.0",
				"@ethersproject/bytes": "^5.0.0",
				"@ethersproject/keccak256": "^5.0.0",
				"@ethersproject/sha2": "^5.0.0",
				"@ethersproject/strings": "^5.0.0"
			}
		},
		"@ethersproject/strings": {
			"version": "5.0.1",
			"resolved": "https://registry.npmjs.org/@ethersproject/strings/-/strings-5.0.1.tgz",
			"integrity": "sha512-N8LxdHGBT7GZdogkEOV5xKXYTz5PNHuNzcxLNPYfH3kpvWSyXshZBgAz8YE1a8sMZagGj+Ic6d3mHijdCTSkGA==",
			"dev": true,
			"requires": {
				"@ethersproject/bytes": "^5.0.0",
				"@ethersproject/constants": "^5.0.0",
				"@ethersproject/logger": "^5.0.0"
			}
		},
		"@ethersproject/transactions": {
			"version": "5.0.1",
			"resolved": "https://registry.npmjs.org/@ethersproject/transactions/-/transactions-5.0.1.tgz",
			"integrity": "sha512-IGc6/5hri3PrqR/ZCj89osDiq3Lt0CSrycn6vlRl8SjpBKYDdcT+Ru5xkeC7YcsnqcdBmTL+jyR3SLudU+x2Kw==",
			"dev": true,
			"requires": {
				"@ethersproject/address": "^5.0.0",
				"@ethersproject/bignumber": "^5.0.0",
				"@ethersproject/bytes": "^5.0.0",
				"@ethersproject/constants": "^5.0.0",
				"@ethersproject/keccak256": "^5.0.0",
				"@ethersproject/logger": "^5.0.0",
				"@ethersproject/properties": "^5.0.0",
				"@ethersproject/rlp": "^5.0.0",
				"@ethersproject/signing-key": "^5.0.0"
			}
		},
		"@ethersproject/units": {
			"version": "5.0.1",
			"resolved": "https://registry.npmjs.org/@ethersproject/units/-/units-5.0.1.tgz",
			"integrity": "sha512-7J7Jmm4hMZ+yFiqEd7D5oeVK/V74GDwQlT0Om1yxXLYX6UPcV5ChHkUz/xpHPT9JXQlQ+2D69HBf1dzvdflrmQ==",
			"dev": true,
			"requires": {
				"@ethersproject/bignumber": "^5.0.0",
				"@ethersproject/constants": "^5.0.0",
				"@ethersproject/logger": "^5.0.0"
			}
		},
		"@ethersproject/wallet": {
			"version": "5.0.1",
			"resolved": "https://registry.npmjs.org/@ethersproject/wallet/-/wallet-5.0.1.tgz",
			"integrity": "sha512-1/QPpFngJtUGtdVOLSoIN3vf+zEWyEVxQ0lhRCwGkiBqL2SoVoDHB7/nCfcv7wwlZkdnegFfo/8DxeyYjTZN7w==",
			"dev": true,
			"requires": {
				"@ethersproject/abstract-provider": "^5.0.0",
				"@ethersproject/abstract-signer": "^5.0.0",
				"@ethersproject/address": "^5.0.0",
				"@ethersproject/bignumber": "^5.0.0",
				"@ethersproject/bytes": "^5.0.0",
				"@ethersproject/hash": "^5.0.0",
				"@ethersproject/hdnode": "^5.0.0",
				"@ethersproject/json-wallets": "^5.0.0",
				"@ethersproject/keccak256": "^5.0.0",
				"@ethersproject/logger": "^5.0.0",
				"@ethersproject/properties": "^5.0.0",
				"@ethersproject/random": "^5.0.0",
				"@ethersproject/signing-key": "^5.0.0",
				"@ethersproject/transactions": "^5.0.0",
				"@ethersproject/wordlists": "^5.0.0"
			}
		},
		"@ethersproject/web": {
			"version": "5.0.1",
			"resolved": "https://registry.npmjs.org/@ethersproject/web/-/web-5.0.1.tgz",
			"integrity": "sha512-lWPg8BR6KoyiIKYRIM6j+XO9bT9vGM1JnxFj2HmhIvOrOjba7ZRd8ANBOsDVGfw5igLUdfqAUOf9WpSsH//TzA==",
			"dev": true,
			"requires": {
				"@ethersproject/base64": "^5.0.0",
				"@ethersproject/logger": "^5.0.0",
				"@ethersproject/properties": "^5.0.0",
				"@ethersproject/strings": "^5.0.0"
			}
		},
		"@ethersproject/wordlists": {
			"version": "5.0.1",
			"resolved": "https://registry.npmjs.org/@ethersproject/wordlists/-/wordlists-5.0.1.tgz",
			"integrity": "sha512-R7boLmpewucz5v4jD7cWwI0BGHR/DstiZtjdhUOft6XdMqM1OGb1UTL0GBQeS4vDXzCLuJEHddjJ69beGVN/4Q==",
			"dev": true,
			"requires": {
				"@ethersproject/bytes": "^5.0.0",
				"@ethersproject/hash": "^5.0.0",
				"@ethersproject/logger": "^5.0.0",
				"@ethersproject/properties": "^5.0.0",
				"@ethersproject/strings": "^5.0.0"
			}
		},
		"@types/chai": {
			"version": "4.2.11",
			"resolved": "https://registry.npmjs.org/@types/chai/-/chai-4.2.11.tgz",
			"integrity": "sha512-t7uW6eFafjO+qJ3BIV2gGUyZs27egcNRkUdalkud+Qa3+kg//f129iuOFivHDXQ+vnU3fDXuwgv0cqMCbcE8sw==",
			"dev": true
		},
		"@types/fs-extra": {
			"version": "5.1.0",
			"resolved": "https://registry.npmjs.org/@types/fs-extra/-/fs-extra-5.1.0.tgz",
			"integrity": "sha512-AInn5+UBFIK9FK5xc9yP5e3TQSPNNgjHByqYcj9g5elVBnDQcQL7PlO1CIRy2gWlbwK7UPYqi7vRvFA44dCmYQ==",
			"dev": true,
			"requires": {
				"@types/node": "*"
			}
		},
		"@types/node": {
			"version": "14.0.5",
			"resolved": "https://registry.npmjs.org/@types/node/-/node-14.0.5.tgz",
			"integrity": "sha512-90hiq6/VqtQgX8Sp0EzeIsv3r+ellbGj4URKj5j30tLlZvRUpnAe9YbYnjl3pJM93GyXU0tghHhvXHq+5rnCKA==",
			"dev": true
		},
		"aes-js": {
			"version": "3.0.0",
			"resolved": "https://registry.npmjs.org/aes-js/-/aes-js-3.0.0.tgz",
			"integrity": "sha1-4h3xCtbCBTKVvLuNq0Cwnb6ofk0=",
			"dev": true
		},
		"assertion-error": {
			"version": "1.1.0",
			"resolved": "https://registry.npmjs.org/assertion-error/-/assertion-error-1.1.0.tgz",
			"integrity": "sha512-jgsaNduz+ndvGyFt3uSuWqvy4lCnIJiovtouQN5JZHOKCS2QuhEdbcQHFhVksz2N2U9hXJo8odG7ETyWlEeuDw==",
			"dev": true
		},
		"bn.js": {
			"version": "4.11.9",
			"resolved": "https://registry.npmjs.org/bn.js/-/bn.js-4.11.9.tgz",
			"integrity": "sha512-E6QoYqCKZfgatHTdHzs1RRKP7ip4vvm+EyRUeE2RF0NblwVvb0p6jSVeNTOFxPn26QXN2o6SMfNxKp6kU8zQaw==",
			"dev": true
		},
		"brorand": {
			"version": "1.1.0",
			"resolved": "https://registry.npmjs.org/brorand/-/brorand-1.1.0.tgz",
			"integrity": "sha1-EsJe/kCkXjwyPrhnWgoM5XsiNx8=",
			"dev": true
		},
		"chai": {
			"version": "4.2.0",
			"resolved": "https://registry.npmjs.org/chai/-/chai-4.2.0.tgz",
			"integrity": "sha512-XQU3bhBukrOsQCuwZndwGcCVQHyZi53fQ6Ys1Fym7E4olpIqqZZhhoFJoaKVvV17lWQoXYwgWN2nF5crA8J2jw==",
			"dev": true,
			"requires": {
				"assertion-error": "^1.1.0",
				"check-error": "^1.0.2",
				"deep-eql": "^3.0.1",
				"get-func-name": "^2.0.0",
				"pathval": "^1.1.0",
				"type-detect": "^4.0.5"
			}
		},
		"check-error": {
			"version": "1.0.2",
			"resolved": "https://registry.npmjs.org/check-error/-/check-error-1.0.2.tgz",
			"integrity": "sha1-V00xLt2Iu13YkS6Sht1sCu1KrII=",
			"dev": true
		},
		"deep-eql": {
			"version": "3.0.1",
			"resolved": "https://registry.npmjs.org/deep-eql/-/deep-eql-3.0.1.tgz",
			"integrity": "sha512-+QeIQyN5ZuO+3Uk5DYh6/1eKO0m0YmJFGNmFHGACpf1ClL1nmlV/p4gNgbl2pJGxgXb4faqo6UE+M5ACEMyVcw==",
			"dev": true,
			"requires": {
				"type-detect": "^4.0.0"
			}
		},
		"ethers": {
			"version": "5.0.2",
			"resolved": "https://registry.npmjs.org/ethers/-/ethers-5.0.2.tgz",
			"integrity": "sha512-hAWTPQXvjFlrtnPLCnOOJJuqiqmJv820egPHpOwcWTIQxXRrcfZyse2692eaqsXMeYLNM2CRfYgEomBiBGvgjw==",
			"dev": true,
			"requires": {
				"@ethersproject/abi": "^5.0.0",
				"@ethersproject/abstract-provider": "^5.0.0",
				"@ethersproject/abstract-signer": "^5.0.0",
				"@ethersproject/address": "^5.0.0",
				"@ethersproject/base64": "^5.0.0",
				"@ethersproject/bignumber": "^5.0.0",
				"@ethersproject/bytes": "^5.0.0",
				"@ethersproject/constants": "^5.0.0",
				"@ethersproject/contracts": "^5.0.0",
				"@ethersproject/hash": "^5.0.0",
				"@ethersproject/hdnode": "^5.0.0",
				"@ethersproject/json-wallets": "^5.0.0",
				"@ethersproject/keccak256": "^5.0.0",
				"@ethersproject/logger": "^5.0.0",
				"@ethersproject/networks": "^5.0.0",
				"@ethersproject/pbkdf2": "^5.0.0",
				"@ethersproject/properties": "^5.0.0",
				"@ethersproject/providers": "^5.0.0",
				"@ethersproject/random": "^5.0.0",
				"@ethersproject/rlp": "^5.0.0",
				"@ethersproject/sha2": "^5.0.0",
				"@ethersproject/signing-key": "^5.0.0",
				"@ethersproject/solidity": "^5.0.0",
				"@ethersproject/strings": "^5.0.0",
				"@ethersproject/transactions": "^5.0.0",
				"@ethersproject/units": "^5.0.0",
				"@ethersproject/wallet": "^5.0.0",
				"@ethersproject/web": "^5.0.0",
				"@ethersproject/wordlists": "^5.0.0"
			}
		},
		"get-func-name": {
			"version": "2.0.0",
			"resolved": "https://registry.npmjs.org/get-func-name/-/get-func-name-2.0.0.tgz",
			"integrity": "sha1-6td0q+5y4gQJQzoGY2YCPdaIekE=",
			"dev": true
		},
		"hash.js": {
			"version": "1.1.7",
			"resolved": "https://registry.npmjs.org/hash.js/-/hash.js-1.1.7.tgz",
			"integrity": "sha512-taOaskGt4z4SOANNseOviYDvjEJinIkRgmp7LbKP2YTTmVxWBl87s/uzK9r+44BclBSp2X7K1hqeNfz9JbBeXA==",
			"dev": true,
			"requires": {
				"inherits": "^2.0.3",
				"minimalistic-assert": "^1.0.1"
			}
		},
		"hmac-drbg": {
			"version": "1.0.1",
			"resolved": "https://registry.npmjs.org/hmac-drbg/-/hmac-drbg-1.0.1.tgz",
			"integrity": "sha1-0nRXAQJabHdabFRXk+1QL8DGSaE=",
			"dev": true,
			"requires": {
				"hash.js": "^1.0.3",
				"minimalistic-assert": "^1.0.0",
				"minimalistic-crypto-utils": "^1.0.1"
			}
		},
		"inherits": {
			"version": "2.0.4",
			"resolved": "https://registry.npmjs.org/inherits/-/inherits-2.0.4.tgz",
			"integrity": "sha512-k/vGaX4/Yla3WzyMCvTQOXYeIHvqOKtnqBduzTHpzpQZzAskKMhZ2K+EnBiSM9zGSoIFeMpXKxa4dYeZIQqewQ==",
			"dev": true
		},
		"minimalistic-assert": {
			"version": "1.0.1",
			"resolved": "https://registry.npmjs.org/minimalistic-assert/-/minimalistic-assert-1.0.1.tgz",
			"integrity": "sha512-UtJcAD4yEaGtjPezWuO9wC4nwUnVH/8/Im3yEHQP4b67cXlD/Qr9hdITCU1xDbSEXg2XKNaP8jsReV7vQd00/A==",
			"dev": true
		},
		"minimalistic-crypto-utils": {
			"version": "1.0.1",
			"resolved": "https://registry.npmjs.org/minimalistic-crypto-utils/-/minimalistic-crypto-utils-1.0.1.tgz",
			"integrity": "sha1-9sAMHAsIIkblxNmd+4x8CDsrWCo=",
			"dev": true
		},
		"pathval": {
			"version": "1.1.0",
			"resolved": "https://registry.npmjs.org/pathval/-/pathval-1.1.0.tgz",
			"integrity": "sha1-uULm1L3mUwBe9rcTYd74cn0GReA=",
			"dev": true
		},
		"scrypt-js": {
			"version": "3.0.1",
			"resolved": "https://registry.npmjs.org/scrypt-js/-/scrypt-js-3.0.1.tgz",
			"integrity": "sha512-cdwTTnqPu0Hyvf5in5asVdZocVDTNRmR7XEcJuIzMjJeSHybHl7vpB66AzwTaIg6CLSbtjcxc8fqcySfnTkccA==",
			"dev": true
		},
		"type-detect": {
			"version": "4.0.8",
			"resolved": "https://registry.npmjs.org/type-detect/-/type-detect-4.0.8.tgz",
			"integrity": "sha512-0fr/mIH1dlO+x7TlcMy+bIDqKPsw/70tVyeHW787goQjhmqaZe10uwLujubK9q9Lg6Fiho1KUKDYz0Z7k7g5/g==",
			"dev": true
		}
	}
}
