{
	"name": "@nomiclabs/buidler-ethers",
	"version": "2.0.0",
	"lockfileVersion": 1,
	"requires": true,
	"dependencies": {
		"@ethersproject/abi": {
			"version": "5.0.5",
			"resolved": "https://registry.npmjs.org/@ethersproject/abi/-/abi-5.0.5.tgz",
			"integrity": "sha512-FNx6UMm0LnmCMFzN3urohFwZpjbUHPvc/O60h4qkF4yiJxLJ/G7QOSPjkHQ/q/QibagR4S7OKQawRy0NcvWa9w==",
			"dev": true,
			"requires": {
				"@ethersproject/address": "^5.0.4",
				"@ethersproject/bignumber": "^5.0.7",
				"@ethersproject/bytes": "^5.0.4",
				"@ethersproject/constants": "^5.0.4",
				"@ethersproject/hash": "^5.0.4",
				"@ethersproject/keccak256": "^5.0.3",
				"@ethersproject/logger": "^5.0.5",
				"@ethersproject/properties": "^5.0.3",
				"@ethersproject/strings": "^5.0.4"
			}
		},
		"@ethersproject/abstract-provider": {
			"version": "5.0.4",
			"resolved": "https://registry.npmjs.org/@ethersproject/abstract-provider/-/abstract-provider-5.0.4.tgz",
			"integrity": "sha512-EOCHUTS8jOE3WZlA1pq9b/vQwKDyDzMy4gXeAv0wZecH1kwUkD0++x8avxeSYoWI+aJn62P1FVV9B6r9pM56kQ==",
			"dev": true,
			"requires": {
				"@ethersproject/bignumber": "^5.0.7",
				"@ethersproject/bytes": "^5.0.4",
				"@ethersproject/logger": "^5.0.5",
				"@ethersproject/networks": "^5.0.3",
				"@ethersproject/properties": "^5.0.3",
				"@ethersproject/transactions": "^5.0.5",
				"@ethersproject/web": "^5.0.6"
			}
		},
		"@ethersproject/abstract-signer": {
			"version": "5.0.5",
			"resolved": "https://registry.npmjs.org/@ethersproject/abstract-signer/-/abstract-signer-5.0.5.tgz",
			"integrity": "sha512-nwSZKtCTKhJADlW42c+a//lWxQlnA7jYLTnabJ3YCfgGU6ic9jnT9nRDlAyT1U3kCMeqPL7fTcKbdWCVrM0xsw==",
			"dev": true,
			"requires": {
				"@ethersproject/abstract-provider": "^5.0.4",
				"@ethersproject/bignumber": "^5.0.7",
				"@ethersproject/bytes": "^5.0.4",
				"@ethersproject/logger": "^5.0.5",
				"@ethersproject/properties": "^5.0.3"
			}
		},
		"@ethersproject/address": {
			"version": "5.0.4",
			"resolved": "https://registry.npmjs.org/@ethersproject/address/-/address-5.0.4.tgz",
			"integrity": "sha512-CIjAeG6zNehbpJTi0sgwUvaH2ZICiAV9XkCBaFy5tjuEVFpQNeqd6f+B7RowcNO7Eut+QbhcQ5CVLkmP5zhL9A==",
			"dev": true,
			"requires": {
				"@ethersproject/bignumber": "^5.0.7",
				"@ethersproject/bytes": "^5.0.4",
				"@ethersproject/keccak256": "^5.0.3",
				"@ethersproject/logger": "^5.0.5",
				"@ethersproject/rlp": "^5.0.3",
				"bn.js": "^4.4.0"
			}
		},
		"@ethersproject/base64": {
			"version": "5.0.3",
			"resolved": "https://registry.npmjs.org/@ethersproject/base64/-/base64-5.0.3.tgz",
			"integrity": "sha512-sFq+/UwGCQsLxMvp7yO7yGWni87QXoV3C3IfjqUSY2BHkbZbCDm+PxZviUkiKf+edYZ2Glp0XnY7CgKSYUN9qw==",
			"dev": true,
			"requires": {
				"@ethersproject/bytes": "^5.0.4"
			}
		},
		"@ethersproject/basex": {
			"version": "5.0.3",
			"resolved": "https://registry.npmjs.org/@ethersproject/basex/-/basex-5.0.3.tgz",
			"integrity": "sha512-EvoER+OXsMAZlvbC0M/9UTxjvbBvTccYCI+uCAhXw+eS1+SUdD4v7ekAFpVX78rPLrLZB1vChKMm6vPHIu3WRA==",
			"dev": true,
			"requires": {
				"@ethersproject/bytes": "^5.0.4",
				"@ethersproject/properties": "^5.0.3"
			}
		},
		"@ethersproject/bignumber": {
			"version": "5.0.7",
			"resolved": "https://registry.npmjs.org/@ethersproject/bignumber/-/bignumber-5.0.7.tgz",
			"integrity": "sha512-wwKgDJ+KA7IpgJwc8Fc0AjKIRuDskKA2cque29/+SgII9/1K/38JpqVNPKIovkLwTC2DDofIyzHcxeaKpMFouQ==",
			"dev": true,
			"requires": {
				"@ethersproject/bytes": "^5.0.4",
				"@ethersproject/logger": "^5.0.5",
				"bn.js": "^4.4.0"
			}
		},
		"@ethersproject/bytes": {
			"version": "5.0.4",
			"resolved": "https://registry.npmjs.org/@ethersproject/bytes/-/bytes-5.0.4.tgz",
			"integrity": "sha512-9R6A6l9JN8x1U4s1dJCR+9h3MZTT3xQofr/Xx8wbDvj6NnY4CbBB0o8ZgHXvR74yV90pY2EzCekpkMBJnRzkSw==",
			"dev": true,
			"requires": {
				"@ethersproject/logger": "^5.0.5"
			}
		},
		"@ethersproject/constants": {
			"version": "5.0.4",
			"resolved": "https://registry.npmjs.org/@ethersproject/constants/-/constants-5.0.4.tgz",
			"integrity": "sha512-Df32lcXDHPgZRPgp1dgmByNbNe4Ki1QoXR+wU61on5nggQGTqWR1Bb7pp9VtI5Go9kyE/JflFc4Te6o9MvYt8A==",
			"dev": true,
			"requires": {
				"@ethersproject/bignumber": "^5.0.7"
			}
		},
		"@ethersproject/contracts": {
			"version": "5.0.4",
			"resolved": "https://registry.npmjs.org/@ethersproject/contracts/-/contracts-5.0.4.tgz",
			"integrity": "sha512-gfOZNgLiO9e1D/hmQ4sEyqoolw6jDFVfqirGJv3zyFKNyX+lAXLN7YAZnnWVmp4GU1jiMtSqQKjpWp7r6ihs3Q==",
			"dev": true,
			"requires": {
				"@ethersproject/abi": "^5.0.5",
				"@ethersproject/abstract-provider": "^5.0.4",
				"@ethersproject/abstract-signer": "^5.0.4",
				"@ethersproject/address": "^5.0.4",
				"@ethersproject/bignumber": "^5.0.7",
				"@ethersproject/bytes": "^5.0.4",
				"@ethersproject/constants": "^5.0.4",
				"@ethersproject/logger": "^5.0.5",
				"@ethersproject/properties": "^5.0.3"
			}
		},
		"@ethersproject/hash": {
			"version": "5.0.4",
			"resolved": "https://registry.npmjs.org/@ethersproject/hash/-/hash-5.0.4.tgz",
			"integrity": "sha512-VCs/bFBU8AQFhHcT1cQH6x7a4zjulR6fJmAOcPxUgrN7bxOQ7QkpBKF+YCDJhFtkLdaljIsr/r831TuWU4Ysfg==",
			"dev": true,
			"requires": {
				"@ethersproject/bytes": "^5.0.4",
				"@ethersproject/keccak256": "^5.0.3",
				"@ethersproject/logger": "^5.0.5",
				"@ethersproject/strings": "^5.0.4"
			}
		},
		"@ethersproject/hdnode": {
			"version": "5.0.4",
			"resolved": "https://registry.npmjs.org/@ethersproject/hdnode/-/hdnode-5.0.4.tgz",
			"integrity": "sha512-eHmpNLvasfB4xbmQUvKXOsGF4ekjIKJH/eZm7fc6nIdMci9u5ERooSSRLjs9Dsa5QuJf6YD4DbqeJsT71n47iw==",
			"dev": true,
			"requires": {
				"@ethersproject/abstract-signer": "^5.0.4",
				"@ethersproject/basex": "^5.0.3",
				"@ethersproject/bignumber": "^5.0.7",
				"@ethersproject/bytes": "^5.0.4",
				"@ethersproject/logger": "^5.0.5",
				"@ethersproject/pbkdf2": "^5.0.3",
				"@ethersproject/properties": "^5.0.3",
				"@ethersproject/sha2": "^5.0.3",
				"@ethersproject/signing-key": "^5.0.4",
				"@ethersproject/strings": "^5.0.4",
				"@ethersproject/transactions": "^5.0.5",
				"@ethersproject/wordlists": "^5.0.4"
			}
		},
		"@ethersproject/json-wallets": {
			"version": "5.0.6",
			"resolved": "https://registry.npmjs.org/@ethersproject/json-wallets/-/json-wallets-5.0.6.tgz",
			"integrity": "sha512-BPCfyGdwOUSp6+xA59IaZ/2pUWrUOL5Z9HuCh8YLsJzkuyBJQN0j+z/PmhIiZ7X8ilhuE+pRUwXb42U/R39fig==",
			"dev": true,
			"requires": {
				"@ethersproject/abstract-signer": "^5.0.4",
				"@ethersproject/address": "^5.0.4",
				"@ethersproject/bytes": "^5.0.4",
				"@ethersproject/hdnode": "^5.0.4",
				"@ethersproject/keccak256": "^5.0.3",
				"@ethersproject/logger": "^5.0.5",
				"@ethersproject/pbkdf2": "^5.0.3",
				"@ethersproject/properties": "^5.0.3",
				"@ethersproject/random": "^5.0.3",
				"@ethersproject/strings": "^5.0.4",
				"@ethersproject/transactions": "^5.0.5",
				"aes-js": "3.0.0",
				"scrypt-js": "3.0.1"
			}
		},
		"@ethersproject/keccak256": {
			"version": "5.0.3",
			"resolved": "https://registry.npmjs.org/@ethersproject/keccak256/-/keccak256-5.0.3.tgz",
			"integrity": "sha512-VhW3mgZMBZlETV6AyOmjNeNG+Pg68igiKkPpat8/FZl0CKnfgQ+KZQZ/ee1vT+X0IUM8/djqnei6btmtbA27Ug==",
			"dev": true,
			"requires": {
				"@ethersproject/bytes": "^5.0.4",
				"js-sha3": "0.5.7"
			}
		},
		"@ethersproject/logger": {
			"version": "5.0.5",
			"resolved": "https://registry.npmjs.org/@ethersproject/logger/-/logger-5.0.5.tgz",
			"integrity": "sha512-gJj72WGzQhUtCk6kfvI8elTaPOQyMvrMghp/nbz0ivTo39fZ7IjypFh/ySDeUSdBNplAwhzWKKejQhdpyefg/w==",
			"dev": true
		},
		"@ethersproject/networks": {
			"version": "5.0.3",
			"resolved": "https://registry.npmjs.org/@ethersproject/networks/-/networks-5.0.3.tgz",
			"integrity": "sha512-Gjpejul6XFetJXyvHCd37IiCC00203kYGU9sMaRMZcAcYKszCkbOeo/Q7Mmdr/fS7YBbB5iTOahDJWiRLu/b7A==",
			"dev": true,
			"requires": {
				"@ethersproject/logger": "^5.0.5"
			}
		},
		"@ethersproject/pbkdf2": {
			"version": "5.0.3",
			"resolved": "https://registry.npmjs.org/@ethersproject/pbkdf2/-/pbkdf2-5.0.3.tgz",
			"integrity": "sha512-asc+YgJn7v7GKWYXGz3GM1d9XYI2HvdCw1cLEow2niEC9BfYA29rr1exz100zISk95GIU1YP2zV//zHsMtWE5Q==",
			"dev": true,
			"requires": {
				"@ethersproject/bytes": "^5.0.4",
				"@ethersproject/sha2": "^5.0.3"
			}
		},
		"@ethersproject/properties": {
			"version": "5.0.3",
			"resolved": "https://registry.npmjs.org/@ethersproject/properties/-/properties-5.0.3.tgz",
			"integrity": "sha512-wLCSrbywkQgTO6tIF9ZdKsH9AIxPEqAJF/z5xcPkz1DK4mMAZgAXRNw1MrKYhyb+7CqNHbj3vxenNKFavGY/IA==",
			"dev": true,
			"requires": {
				"@ethersproject/logger": "^5.0.5"
			}
		},
		"@ethersproject/providers": {
			"version": "5.0.9",
			"resolved": "https://registry.npmjs.org/@ethersproject/providers/-/providers-5.0.9.tgz",
			"integrity": "sha512-UtGrlJxekFNV7lriPOxQbnYminyiwTgjHMPX83pG7N/W/t+PekQK8V9rdlvMr2bRyGgafHml0ZZMaTV4FxiBYg==",
			"dev": true,
			"requires": {
				"@ethersproject/abstract-provider": "^5.0.4",
				"@ethersproject/abstract-signer": "^5.0.4",
				"@ethersproject/address": "^5.0.4",
				"@ethersproject/basex": "^5.0.3",
				"@ethersproject/bignumber": "^5.0.7",
				"@ethersproject/bytes": "^5.0.4",
				"@ethersproject/constants": "^5.0.4",
				"@ethersproject/hash": "^5.0.4",
				"@ethersproject/logger": "^5.0.5",
				"@ethersproject/networks": "^5.0.3",
				"@ethersproject/properties": "^5.0.3",
				"@ethersproject/random": "^5.0.3",
				"@ethersproject/rlp": "^5.0.3",
				"@ethersproject/sha2": "^5.0.3",
				"@ethersproject/strings": "^5.0.4",
				"@ethersproject/transactions": "^5.0.5",
				"@ethersproject/web": "^5.0.6",
				"bech32": "1.1.4",
				"ws": "7.2.3"
			}
		},
		"@ethersproject/random": {
			"version": "5.0.3",
			"resolved": "https://registry.npmjs.org/@ethersproject/random/-/random-5.0.3.tgz",
			"integrity": "sha512-pEhWRbgNeAY1oYk4nIsEtCTh9TtLsivIDbOX11n+DLZLYM3c8qCLxThXtsHwVsMs1JHClZr5auYC4YxtVVzO/A==",
			"dev": true,
			"requires": {
				"@ethersproject/bytes": "^5.0.4",
				"@ethersproject/logger": "^5.0.5"
			}
		},
		"@ethersproject/rlp": {
			"version": "5.0.3",
			"resolved": "https://registry.npmjs.org/@ethersproject/rlp/-/rlp-5.0.3.tgz",
			"integrity": "sha512-Hz4yyA/ilGafASAqtTlLWkA/YqwhQmhbDAq2LSIp1AJNx+wtbKWFAKSckpeZ+WG/xZmT+fw5OFKK7a5IZ4DR5g==",
			"dev": true,
			"requires": {
				"@ethersproject/bytes": "^5.0.4",
				"@ethersproject/logger": "^5.0.5"
			}
		},
		"@ethersproject/sha2": {
			"version": "5.0.3",
			"resolved": "https://registry.npmjs.org/@ethersproject/sha2/-/sha2-5.0.3.tgz",
			"integrity": "sha512-B1U9UkgxhUlC1J4sFUL2GwTo33bM2i/aaD3aiYdTh1FEXtGfqYA89KN1DJ83n+Em8iuvyiBRk6u30VmgqlHeHA==",
			"dev": true,
			"requires": {
				"@ethersproject/bytes": "^5.0.4",
				"@ethersproject/logger": "^5.0.5",
				"hash.js": "1.1.3"
			},
			"dependencies": {
				"hash.js": {
					"version": "1.1.3",
					"resolved": "https://registry.npmjs.org/hash.js/-/hash.js-1.1.3.tgz",
					"integrity": "sha512-/UETyP0W22QILqS+6HowevwhEFJ3MBJnwTf75Qob9Wz9t0DPuisL8kW8YZMK62dHAKE1c1p+gY1TtOLY+USEHA==",
					"dev": true,
					"requires": {
						"inherits": "^2.0.3",
						"minimalistic-assert": "^1.0.0"
					}
				}
			}
		},
		"@ethersproject/signing-key": {
			"version": "5.0.4",
			"resolved": "https://registry.npmjs.org/@ethersproject/signing-key/-/signing-key-5.0.4.tgz",
			"integrity": "sha512-I6pJoga1IvhtjYK5yXzCjs4ZpxrVbt9ZRAlpEw0SW9UuV020YfJH5EIVEGR2evdRceS3nAQIggqbsXSkP8Y1Dg==",
			"dev": true,
			"requires": {
				"@ethersproject/bytes": "^5.0.4",
				"@ethersproject/logger": "^5.0.5",
				"@ethersproject/properties": "^5.0.3",
				"elliptic": "6.5.3"
			}
		},
		"@ethersproject/solidity": {
			"version": "5.0.4",
			"resolved": "https://registry.npmjs.org/@ethersproject/solidity/-/solidity-5.0.4.tgz",
			"integrity": "sha512-cUq1l8A+AgRkIItRoztC98Qx7b0bMNMzKX817fszDuGNsT2POAyP5knvuEt4Fx4IBcJREXoOjsGYFfjyK5Sa+w==",
			"dev": true,
			"requires": {
				"@ethersproject/bignumber": "^5.0.7",
				"@ethersproject/bytes": "^5.0.4",
				"@ethersproject/keccak256": "^5.0.3",
				"@ethersproject/sha2": "^5.0.3",
				"@ethersproject/strings": "^5.0.4"
			}
		},
		"@ethersproject/strings": {
			"version": "5.0.4",
			"resolved": "https://registry.npmjs.org/@ethersproject/strings/-/strings-5.0.4.tgz",
			"integrity": "sha512-azXFHaNkDXzefhr4LVVzzDMFwj3kH9EOKlATu51HjxabQafuUyVLPFgmxRFmCynnAi0Bmmp7nr+qK1pVDgRDLQ==",
			"dev": true,
			"requires": {
				"@ethersproject/bytes": "^5.0.4",
				"@ethersproject/constants": "^5.0.4",
				"@ethersproject/logger": "^5.0.5"
			}
		},
		"@ethersproject/transactions": {
			"version": "5.0.5",
			"resolved": "https://registry.npmjs.org/@ethersproject/transactions/-/transactions-5.0.5.tgz",
			"integrity": "sha512-1Ga/QmbcB74DItggP8/DK1tggu4ErEvwTkIwIlUXUcvIAuRNXXE7kgQhlp+w1xA/SAQFhv56SqCoyqPiiLCvVA==",
			"dev": true,
			"requires": {
				"@ethersproject/address": "^5.0.4",
				"@ethersproject/bignumber": "^5.0.7",
				"@ethersproject/bytes": "^5.0.4",
				"@ethersproject/constants": "^5.0.4",
				"@ethersproject/keccak256": "^5.0.3",
				"@ethersproject/logger": "^5.0.5",
				"@ethersproject/properties": "^5.0.3",
				"@ethersproject/rlp": "^5.0.3",
				"@ethersproject/signing-key": "^5.0.4"
			}
		},
		"@ethersproject/units": {
			"version": "5.0.4",
			"resolved": "https://registry.npmjs.org/@ethersproject/units/-/units-5.0.4.tgz",
			"integrity": "sha512-80d6skjDgiHLdbKOA9FVpzyMEPwbif40PbGd970JvcecVf48VjB09fUu37d6duG8DhRVyefRdX8nuVQLzcGGPw==",
			"dev": true,
			"requires": {
				"@ethersproject/bignumber": "^5.0.7",
				"@ethersproject/constants": "^5.0.4",
				"@ethersproject/logger": "^5.0.5"
			}
		},
		"@ethersproject/wallet": {
			"version": "5.0.4",
			"resolved": "https://registry.npmjs.org/@ethersproject/wallet/-/wallet-5.0.4.tgz",
			"integrity": "sha512-h/3mdy6HZVketHbs6ZP/WjHDz+rtTIE3qZrko2MVeafjgDcYWaHcVmhsPq4LGqxginhr191a4dkJDNeQrQZWOw==",
			"dev": true,
			"requires": {
				"@ethersproject/abstract-provider": "^5.0.4",
				"@ethersproject/abstract-signer": "^5.0.4",
				"@ethersproject/address": "^5.0.4",
				"@ethersproject/bignumber": "^5.0.7",
				"@ethersproject/bytes": "^5.0.4",
				"@ethersproject/hash": "^5.0.4",
				"@ethersproject/hdnode": "^5.0.4",
				"@ethersproject/json-wallets": "^5.0.6",
				"@ethersproject/keccak256": "^5.0.3",
				"@ethersproject/logger": "^5.0.5",
				"@ethersproject/properties": "^5.0.3",
				"@ethersproject/random": "^5.0.3",
				"@ethersproject/signing-key": "^5.0.4",
				"@ethersproject/transactions": "^5.0.5",
				"@ethersproject/wordlists": "^5.0.4"
			}
		},
		"@ethersproject/web": {
			"version": "5.0.7",
			"resolved": "https://registry.npmjs.org/@ethersproject/web/-/web-5.0.7.tgz",
			"integrity": "sha512-BM8FdGrzdcULYaOIyMXDKvxv+qOwGne8FKpPxUrifZIWAWPrq/y+oBOZlzadIKsP3wvYbAcMN2CgOLO1E3yIfw==",
			"dev": true,
			"requires": {
				"@ethersproject/base64": "^5.0.3",
				"@ethersproject/bytes": "^5.0.4",
				"@ethersproject/logger": "^5.0.5",
				"@ethersproject/properties": "^5.0.3",
				"@ethersproject/strings": "^5.0.4"
			}
		},
		"@ethersproject/wordlists": {
			"version": "5.0.4",
			"resolved": "https://registry.npmjs.org/@ethersproject/wordlists/-/wordlists-5.0.4.tgz",
			"integrity": "sha512-z/NsGqdYFvpeG6vPLxuD0pYNR5lLhQAy+oLVqg6G0o1c/OoL5J/a0iDOAFvnacQphc3lMP52d1LEX3YGoy2oBQ==",
			"dev": true,
			"requires": {
				"@ethersproject/bytes": "^5.0.4",
				"@ethersproject/hash": "^5.0.4",
				"@ethersproject/logger": "^5.0.5",
				"@ethersproject/properties": "^5.0.3",
				"@ethersproject/strings": "^5.0.4"
			}
		},
		"@types/chai": {
			"version": "4.2.12",
			"resolved": "https://registry.npmjs.org/@types/chai/-/chai-4.2.12.tgz",
			"integrity": "sha512-aN5IAC8QNtSUdQzxu7lGBgYAOuU1tmRU4c9dIq5OKGf/SBVjXo+ffM2wEjudAWbgpOhy60nLoAGH1xm8fpCKFQ==",
			"dev": true
		},
		"@types/fs-extra": {
			"version": "5.1.0",
			"resolved": "https://registry.npmjs.org/@types/fs-extra/-/fs-extra-5.1.0.tgz",
			"integrity": "sha512-AInn5+UBFIK9FK5xc9yP5e3TQSPNNgjHByqYcj9g5elVBnDQcQL7PlO1CIRy2gWlbwK7UPYqi7vRvFA44dCmYQ==",
			"dev": true,
			"requires": {
				"@types/node": "*"
			}
		},
		"@types/node": {
			"version": "14.11.2",
			"resolved": "https://registry.npmjs.org/@types/node/-/node-14.11.2.tgz",
			"integrity": "sha512-jiE3QIxJ8JLNcb1Ps6rDbysDhN4xa8DJJvuC9prr6w+1tIh+QAbYyNF3tyiZNLDBIuBCf4KEcV2UvQm/V60xfA==",
			"dev": true
		},
		"aes-js": {
			"version": "3.0.0",
			"resolved": "https://registry.npmjs.org/aes-js/-/aes-js-3.0.0.tgz",
			"integrity": "sha1-4h3xCtbCBTKVvLuNq0Cwnb6ofk0=",
			"dev": true
		},
		"assertion-error": {
			"version": "1.1.0",
			"resolved": "https://registry.npmjs.org/assertion-error/-/assertion-error-1.1.0.tgz",
			"integrity": "sha512-jgsaNduz+ndvGyFt3uSuWqvy4lCnIJiovtouQN5JZHOKCS2QuhEdbcQHFhVksz2N2U9hXJo8odG7ETyWlEeuDw==",
			"dev": true
		},
		"bech32": {
			"version": "1.1.4",
			"resolved": "https://registry.npmjs.org/bech32/-/bech32-1.1.4.tgz",
			"integrity": "sha512-s0IrSOzLlbvX7yp4WBfPITzpAU8sqQcpsmwXDiKwrG4r491vwCO/XpejasRNl0piBMe/DvP4Tz0mIS/X1DPJBQ==",
			"dev": true
		},
		"bn.js": {
			"version": "4.11.9",
			"resolved": "https://registry.npmjs.org/bn.js/-/bn.js-4.11.9.tgz",
			"integrity": "sha512-E6QoYqCKZfgatHTdHzs1RRKP7ip4vvm+EyRUeE2RF0NblwVvb0p6jSVeNTOFxPn26QXN2o6SMfNxKp6kU8zQaw==",
			"dev": true
		},
		"brorand": {
			"version": "1.1.0",
			"resolved": "https://registry.npmjs.org/brorand/-/brorand-1.1.0.tgz",
			"integrity": "sha1-EsJe/kCkXjwyPrhnWgoM5XsiNx8=",
			"dev": true
		},
		"chai": {
			"version": "4.2.0",
			"resolved": "https://registry.npmjs.org/chai/-/chai-4.2.0.tgz",
			"integrity": "sha512-XQU3bhBukrOsQCuwZndwGcCVQHyZi53fQ6Ys1Fym7E4olpIqqZZhhoFJoaKVvV17lWQoXYwgWN2nF5crA8J2jw==",
			"dev": true,
			"requires": {
				"assertion-error": "^1.1.0",
				"check-error": "^1.0.2",
				"deep-eql": "^3.0.1",
				"get-func-name": "^2.0.0",
				"pathval": "^1.1.0",
				"type-detect": "^4.0.5"
			}
		},
		"check-error": {
			"version": "1.0.2",
			"resolved": "https://registry.npmjs.org/check-error/-/check-error-1.0.2.tgz",
			"integrity": "sha1-V00xLt2Iu13YkS6Sht1sCu1KrII=",
			"dev": true
		},
		"deep-eql": {
			"version": "3.0.1",
			"resolved": "https://registry.npmjs.org/deep-eql/-/deep-eql-3.0.1.tgz",
			"integrity": "sha512-+QeIQyN5ZuO+3Uk5DYh6/1eKO0m0YmJFGNmFHGACpf1ClL1nmlV/p4gNgbl2pJGxgXb4faqo6UE+M5ACEMyVcw==",
			"dev": true,
			"requires": {
				"type-detect": "^4.0.0"
			}
		},
		"elliptic": {
			"version": "6.5.3",
			"resolved": "https://registry.npmjs.org/elliptic/-/elliptic-6.5.3.tgz",
			"integrity": "sha512-IMqzv5wNQf+E6aHeIqATs0tOLeOTwj1QKbRcS3jBbYkl5oLAserA8yJTT7/VyHUYG91PRmPyeQDObKLPpeS4dw==",
			"dev": true,
			"requires": {
				"bn.js": "^4.4.0",
				"brorand": "^1.0.1",
				"hash.js": "^1.0.0",
				"hmac-drbg": "^1.0.0",
				"inherits": "^2.0.1",
				"minimalistic-assert": "^1.0.0",
				"minimalistic-crypto-utils": "^1.0.0"
			}
		},
		"ethers": {
			"version": "5.0.14",
			"resolved": "https://registry.npmjs.org/ethers/-/ethers-5.0.14.tgz",
			"integrity": "sha512-6WkoYwAURTr/4JiSZlrMJ9mm3pBv/bWrOu7sVXdLGw9QU4cp/GDZVrKKnh5GafMTzanuNBJoaEanPCjsbe4Mig==",
			"dev": true,
			"requires": {
				"@ethersproject/abi": "^5.0.5",
				"@ethersproject/abstract-provider": "^5.0.4",
				"@ethersproject/abstract-signer": "^5.0.4",
				"@ethersproject/address": "^5.0.4",
				"@ethersproject/base64": "^5.0.3",
				"@ethersproject/basex": "^5.0.3",
				"@ethersproject/bignumber": "^5.0.7",
				"@ethersproject/bytes": "^5.0.4",
				"@ethersproject/constants": "^5.0.4",
				"@ethersproject/contracts": "^5.0.4",
				"@ethersproject/hash": "^5.0.4",
				"@ethersproject/hdnode": "^5.0.4",
				"@ethersproject/json-wallets": "^5.0.6",
				"@ethersproject/keccak256": "^5.0.3",
				"@ethersproject/logger": "^5.0.5",
				"@ethersproject/networks": "^5.0.3",
				"@ethersproject/pbkdf2": "^5.0.3",
				"@ethersproject/properties": "^5.0.3",
				"@ethersproject/providers": "^5.0.8",
				"@ethersproject/random": "^5.0.3",
				"@ethersproject/rlp": "^5.0.3",
				"@ethersproject/sha2": "^5.0.3",
				"@ethersproject/signing-key": "^5.0.4",
				"@ethersproject/solidity": "^5.0.4",
				"@ethersproject/strings": "^5.0.4",
				"@ethersproject/transactions": "^5.0.5",
				"@ethersproject/units": "^5.0.4",
				"@ethersproject/wallet": "^5.0.4",
				"@ethersproject/web": "^5.0.6",
				"@ethersproject/wordlists": "^5.0.4"
			}
		},
		"get-func-name": {
			"version": "2.0.0",
			"resolved": "https://registry.npmjs.org/get-func-name/-/get-func-name-2.0.0.tgz",
			"integrity": "sha1-6td0q+5y4gQJQzoGY2YCPdaIekE=",
			"dev": true
		},
		"hash.js": {
			"version": "1.1.7",
			"resolved": "https://registry.npmjs.org/hash.js/-/hash.js-1.1.7.tgz",
			"integrity": "sha512-taOaskGt4z4SOANNseOviYDvjEJinIkRgmp7LbKP2YTTmVxWBl87s/uzK9r+44BclBSp2X7K1hqeNfz9JbBeXA==",
			"dev": true,
			"requires": {
				"inherits": "^2.0.3",
				"minimalistic-assert": "^1.0.1"
			}
		},
		"hmac-drbg": {
			"version": "1.0.1",
			"resolved": "https://registry.npmjs.org/hmac-drbg/-/hmac-drbg-1.0.1.tgz",
			"integrity": "sha1-0nRXAQJabHdabFRXk+1QL8DGSaE=",
			"dev": true,
			"requires": {
				"hash.js": "^1.0.3",
				"minimalistic-assert": "^1.0.0",
				"minimalistic-crypto-utils": "^1.0.1"
			}
		},
		"inherits": {
			"version": "2.0.4",
			"resolved": "https://registry.npmjs.org/inherits/-/inherits-2.0.4.tgz",
			"integrity": "sha512-k/vGaX4/Yla3WzyMCvTQOXYeIHvqOKtnqBduzTHpzpQZzAskKMhZ2K+EnBiSM9zGSoIFeMpXKxa4dYeZIQqewQ==",
			"dev": true
		},
		"js-sha3": {
			"version": "0.5.7",
			"resolved": "https://registry.npmjs.org/js-sha3/-/js-sha3-0.5.7.tgz",
			"integrity": "sha1-DU/9gALVMzqrr0oj7tL2N0yfKOc=",
			"dev": true
		},
		"minimalistic-assert": {
			"version": "1.0.1",
			"resolved": "https://registry.npmjs.org/minimalistic-assert/-/minimalistic-assert-1.0.1.tgz",
			"integrity": "sha512-UtJcAD4yEaGtjPezWuO9wC4nwUnVH/8/Im3yEHQP4b67cXlD/Qr9hdITCU1xDbSEXg2XKNaP8jsReV7vQd00/A==",
			"dev": true
		},
		"minimalistic-crypto-utils": {
			"version": "1.0.1",
			"resolved": "https://registry.npmjs.org/minimalistic-crypto-utils/-/minimalistic-crypto-utils-1.0.1.tgz",
			"integrity": "sha1-9sAMHAsIIkblxNmd+4x8CDsrWCo=",
			"dev": true
		},
		"pathval": {
			"version": "1.1.0",
			"resolved": "https://registry.npmjs.org/pathval/-/pathval-1.1.0.tgz",
			"integrity": "sha1-uULm1L3mUwBe9rcTYd74cn0GReA=",
			"dev": true
		},
		"scrypt-js": {
			"version": "3.0.1",
			"resolved": "https://registry.npmjs.org/scrypt-js/-/scrypt-js-3.0.1.tgz",
			"integrity": "sha512-cdwTTnqPu0Hyvf5in5asVdZocVDTNRmR7XEcJuIzMjJeSHybHl7vpB66AzwTaIg6CLSbtjcxc8fqcySfnTkccA==",
			"dev": true
		},
		"type-detect": {
			"version": "4.0.8",
			"resolved": "https://registry.npmjs.org/type-detect/-/type-detect-4.0.8.tgz",
			"integrity": "sha512-0fr/mIH1dlO+x7TlcMy+bIDqKPsw/70tVyeHW787goQjhmqaZe10uwLujubK9q9Lg6Fiho1KUKDYz0Z7k7g5/g==",
			"dev": true
		},
		"ws": {
			"version": "7.2.3",
			"resolved": "https://registry.npmjs.org/ws/-/ws-7.2.3.tgz",
			"integrity": "sha512-HTDl9G9hbkNDk98naoR/cHDws7+EyYMOdL1BmjsZXRUjf7d+MficC4B7HLUPlSiho0vg+CWKrGIt/VJBd1xunQ==",
			"dev": true
		}
	}
}
